
Microsoft Visual Studio Solution File, Format Version 12.00
# Visual Studio Version 16
VisualStudioVersion = 16.0.31321.278
MinimumVisualStudioVersion = 10.0.40219.1
Project("{9A19103F-16F7-4668-BE54-9A1E7A4F7556}") = "Registration_Problem", "Registration_Problem\Registration_Problem.csproj", "{8C414C5F-4524-4206-94FF-A62CBA2D841B}"
EndProject
Project("{FAE04EC0-301F-11D3-BF4B-00C04F79EFBC}") = "JUnit.Test", "JUnit.Test\JUnit.Test.csproj", "{5E541258-3ED6-4CB4-ADFC-CDC1C569BACA}"
EndProject
Global
	GlobalSection(SolutionConfigurationPlatforms) = preSolution
		Debug|Any CPU = Debug|Any CPU
		Release|Any CPU = Release|Any CPU
	EndGlobalSection
	GlobalSection(ProjectConfigurationPlatforms) = postSolution
		{8C414C5F-4524-4206-94FF-A62CBA2D841B}.Debug|Any CPU.ActiveCfg = Debug|Any CPU
		{8C414C5F-4524-4206-94FF-A62CBA2D841B}.Debug|Any CPU.Build.0 = Debug|Any CPU
		{8C414C5F-4524-4206-94FF-A62CBA2D841B}.Release|Any CPU.ActiveCfg = Release|Any CPU
		{8C414C5F-4524-4206-94FF-A62CBA2D841B}.Release|Any CPU.Build.0 = Release|Any CPU
		{5E541258-3ED6-4CB4-ADFC-CDC1C569BACA}.Debug|Any CPU.ActiveCfg = Debug|Any CPU
		{5E541258-3ED6-4CB4-ADFC-CDC1C569BACA}.Debug|Any CPU.Build.0 = Debug|Any CPU
		{5E541258-3ED6-4CB4-ADFC-CDC1C569BACA}.Release|Any CPU.ActiveCfg = Release|Any CPU
		{5E541258-3ED6-4CB4-ADFC-CDC1C569BACA}.Release|Any CPU.Build.0 = Release|Any CPU
	EndGlobalSection
	GlobalSection(SolutionProperties) = preSolution
		HideSolutionNode = FALSE
	EndGlobalSection
	GlobalSection(ExtensibilityGlobals) = postSolution
		SolutionGuid = {7CD47A1B-F918-4624-953E-F2C6939F1444}
	EndGlobalSection
EndGlobal
